
Microsoft Visual Studio Solution File, Format Version 12.00
# Visual Studio 15
VisualStudioVersion = 15.0.27004.2005
MinimumVisualStudioVersion = 10.0.40219.1
Project("{FAE04EC0-301F-11D3-BF4B-00C04F79EFBC}") = "ControlerAPI", "ControlerAPI\ControlerAPI.csproj", "{CF9EC893-FA49-4D15-A7D6-807B9E238B8F}"
EndProject
Global
	GlobalSection(SolutionConfigurationPlatforms) = preSolution
		Debug|Any CPU = Debug|Any CPU
		Release|Any CPU = Release|Any CPU
	EndGlobalSection
	GlobalSection(ProjectConfigurationPlatforms) = postSolution
		{CF9EC893-FA49-4D15-A7D6-807B9E238B8F}.Debug|Any CPU.ActiveCfg = Debug|Any CPU
		{CF9EC893-FA49-4D15-A7D6-807B9E238B8F}.Debug|Any CPU.Build.0 = Debug|Any CPU
		{CF9EC893-FA49-4D15-A7D6-807B9E238B8F}.Release|Any CPU.ActiveCfg = Release|Any CPU
		{CF9EC893-FA49-4D15-A7D6-807B9E238B8F}.Release|Any CPU.Build.0 = Release|Any CPU
	EndGlobalSection
	GlobalSection(SolutionProperties) = preSolution
		HideSolutionNode = FALSE
	EndGlobalSection
	GlobalSection(ExtensibilityGlobals) = postSolution
		SolutionGuid = {B54401AD-4A82-49D0-A985-E3B487948E92}
	EndGlobalSection
EndGlobal
